
Microsoft Visual Studio Solution File, Format Version 12.00
# Visual Studio 15
Project("{FAE04EC0-301F-11D3-BF4B-00C04F79EFBC}") = "Assembly-CSharp-firstpass", "Assembly-CSharp-firstpass.csproj", "{3F45177C-F1B3-C2FA-A037-DD39BEA54B06}"
EndProject
Project("{FAE04EC0-301F-11D3-BF4B-00C04F79EFBC}") = "Assembly-CSharp", "Assembly-CSharp.csproj", "{C394EC5C-8C41-E54A-3789-179E960B7C6C}"
EndProject
Project("{FAE04EC0-301F-11D3-BF4B-00C04F79EFBC}") = "Assembly-CSharp-Editor-firstpass", "Assembly-CSharp-Editor-firstpass.csproj", "{1D76FBDC-8FE1-96D5-C722-B77E2506EEAE}"
EndProject
Global
	GlobalSection(SolutionConfigurationPlatforms) = preSolution
		Debug|Any CPU = Debug|Any CPU
		Release|Any CPU = Release|Any CPU
	EndGlobalSection
	GlobalSection(ProjectConfigurationPlatforms) = postSolution
		{3F45177C-F1B3-C2FA-A037-DD39BEA54B06}.Debug|Any CPU.ActiveCfg = Debug|Any CPU
		{3F45177C-F1B3-C2FA-A037-DD39BEA54B06}.Debug|Any CPU.Build.0 = Debug|Any CPU
		{3F45177C-F1B3-C2FA-A037-DD39BEA54B06}.Release|Any CPU.ActiveCfg = Release|Any CPU
		{3F45177C-F1B3-C2FA-A037-DD39BEA54B06}.Release|Any CPU.Build.0 = Release|Any CPU
		{C394EC5C-8C41-E54A-3789-179E960B7C6C}.Debug|Any CPU.ActiveCfg = Debug|Any CPU
		{C394EC5C-8C41-E54A-3789-179E960B7C6C}.Debug|Any CPU.Build.0 = Debug|Any CPU
		{C394EC5C-8C41-E54A-3789-179E960B7C6C}.Release|Any CPU.ActiveCfg = Release|Any CPU
		{C394EC5C-8C41-E54A-3789-179E960B7C6C}.Release|Any CPU.Build.0 = Release|Any CPU
		{1D76FBDC-8FE1-96D5-C722-B77E2506EEAE}.Debug|Any CPU.ActiveCfg = Debug|Any CPU
		{1D76FBDC-8FE1-96D5-C722-B77E2506EEAE}.Debug|Any CPU.Build.0 = Debug|Any CPU
		{1D76FBDC-8FE1-96D5-C722-B77E2506EEAE}.Release|Any CPU.ActiveCfg = Release|Any CPU
		{1D76FBDC-8FE1-96D5-C722-B77E2506EEAE}.Release|Any CPU.Build.0 = Release|Any CPU
	EndGlobalSection
	GlobalSection(SolutionProperties) = preSolution
		HideSolutionNode = FALSE
	EndGlobalSection
EndGlobal
